
Microsoft Visual Studio Solution File, Format Version 12.00
# Visual Studio Version 17
VisualStudioVersion = 17.2.32630.192
MinimumVisualStudioVersion = 10.0.40219.1
Project("{FAE04EC0-301F-11D3-BF4B-00C04F79EFBC}") = "Cms-Net", "Cms-Net.csproj", "{05AA5B97-CE9A-4E08-8E56-2A1100B8467B}"
EndProject
Global
	GlobalSection(SolutionConfigurationPlatforms) = preSolution
		Debug|Any CPU = Debug|Any CPU
		Release|Any CPU = Release|Any CPU
	EndGlobalSection
	GlobalSection(ProjectConfigurationPlatforms) = postSolution
		{05AA5B97-CE9A-4E08-8E56-2A1100B8467B}.Debug|Any CPU.ActiveCfg = Debug|Any CPU
		{05AA5B97-CE9A-4E08-8E56-2A1100B8467B}.Debug|Any CPU.Build.0 = Debug|Any CPU
		{05AA5B97-CE9A-4E08-8E56-2A1100B8467B}.Release|Any CPU.ActiveCfg = Release|Any CPU
		{05AA5B97-CE9A-4E08-8E56-2A1100B8467B}.Release|Any CPU.Build.0 = Release|Any CPU
	EndGlobalSection
	GlobalSection(SolutionProperties) = preSolution
		HideSolutionNode = FALSE
	EndGlobalSection
	GlobalSection(ExtensibilityGlobals) = postSolution
		SolutionGuid = {774CF301-B343-4582-8393-0061422781B2}
	EndGlobalSection
EndGlobal
